// !$*UTF8*$!
{
	archiveVersion = 1;
	classes = {
	};
	objectVersion = 50;
	objects = {

/* Begin PBXBuildFile section */
		5714E680251EC7B2000B2973 /* AppDelegate.swift in Sources */ = {isa = PBXBuildFile; fileRef = 5714E67F251EC7B2000B2973 /* AppDelegate.swift */; };
		5714E682251EC7B2000B2973 /* SceneDelegate.swift in Sources */ = {isa = PBXBuildFile; fileRef = 5714E681251EC7B2000B2973 /* SceneDelegate.swift */; };
		5714E684251EC7B2000B2973 /* ViewController.swift in Sources */ = {isa = PBXBuildFile; fileRef = 5714E683251EC7B2000B2973 /* ViewController.swift */; };
		5714E687251EC7B2000B2973 /* Main.storyboard in Resources */ = {isa = PBXBuildFile; fileRef = 5714E685251EC7B2000B2973 /* Main.storyboard */; };
		5714E689251EC7B3000B2973 /* Assets.xcassets in Resources */ = {isa = PBXBuildFile; fileRef = 5714E688251EC7B3000B2973 /* Assets.xcassets */; };
		5714E68C251EC7B3000B2973 /* LaunchScreen.storyboard in Resources */ = {isa = PBXBuildFile; fileRef = 5714E68A251EC7B3000B2973 /* LaunchScreen.storyboard */; };
		5714E6B7251EC9D3000B2973 /* Eraser.swift in Sources */ = {isa = PBXBuildFile; fileRef = 5714E697251EC9D2000B2973 /* Eraser.swift */; };
		5714E6B8251EC9D3000B2973 /* Printer.swift in Sources */ = {isa = PBXBuildFile; fileRef = 5714E698251EC9D2000B2973 /* Printer.swift */; };
		5714E6B9251EC9D3000B2973 /* GlowingBrush.swift in Sources */ = {isa = PBXBuildFile; fileRef = 5714E699251EC9D2000B2973 /* GlowingBrush.swift */; };
		5714E6BA251EC9D3000B2973 /* Brush.swift in Sources */ = {isa = PBXBuildFile; fileRef = 5714E69A251EC9D2000B2973 /* Brush.swift */; };
		5714E6BB251EC9D3000B2973 /* Canvas.swift in Sources */ = {isa = PBXBuildFile; fileRef = 5714E69C251EC9D2000B2973 /* Canvas.swift */; };
		5714E6BC251EC9D3000B2973 /* ScrollableCanvas.swift in Sources */ = {isa = PBXBuildFile; fileRef = 5714E69D251EC9D2000B2973 /* ScrollableCanvas.swift */; };
		5714E6BD251EC9D3000B2973 /* ActionObserver.swift in Sources */ = {isa = PBXBuildFile; fileRef = 5714E69E251EC9D2000B2973 /* ActionObserver.swift */; };
		5714E6BE251EC9D3000B2973 /* PaintingGestureRecognizer.swift in Sources */ = {isa = PBXBuildFile; fileRef = 5714E6A0251EC9D2000B2973 /* PaintingGestureRecognizer.swift */; };
		5714E6BF251EC9D3000B2973 /* BezierGenerator.swift in Sources */ = {isa = PBXBuildFile; fileRef = 5714E6A1251EC9D2000B2973 /* BezierGenerator.swift */; };
		5714E6C0251EC9D3000B2973 /* WeakObjectBox.swift in Sources */ = {isa = PBXBuildFile; fileRef = 5714E6A2251EC9D2000B2973 /* WeakObjectBox.swift */; };
		5714E6C1251EC9D3000B2973 /* Maths.swift in Sources */ = {isa = PBXBuildFile; fileRef = 5714E6A3251EC9D2000B2973 /* Maths.swift */; };
		5714E6C2251EC9D3000B2973 /* Utils.swift in Sources */ = {isa = PBXBuildFile; fileRef = 5714E6A4251EC9D2000B2973 /* Utils.swift */; };
		5714E6C3251EC9D3000B2973 /* DataObserver.swift in Sources */ = {isa = PBXBuildFile; fileRef = 5714E6A6251EC9D3000B2973 /* DataObserver.swift */; };
		5714E6C4251EC9D3000B2973 /* CanvasData.swift in Sources */ = {isa = PBXBuildFile; fileRef = 5714E6A7251EC9D3000B2973 /* CanvasData.swift */; };
		5714E6C5251EC9D3000B2973 /* DataImporter.swift in Sources */ = {isa = PBXBuildFile; fileRef = 5714E6A8251EC9D3000B2973 /* DataImporter.swift */; };
		5714E6C6251EC9D3000B2973 /* DataExporter.swift in Sources */ = {isa = PBXBuildFile; fileRef = 5714E6A9251EC9D3000B2973 /* DataExporter.swift */; };
		5714E6C7251EC9D3000B2973 /* Document.swift in Sources */ = {isa = PBXBuildFile; fileRef = 5714E6AA251EC9D3000B2973 /* Document.swift */; };
		5714E6C8251EC9D3000B2973 /* LineStrip.swift in Sources */ = {isa = PBXBuildFile; fileRef = 5714E6AC251EC9D3000B2973 /* LineStrip.swift */; };
		5714E6C9251EC9D3000B2973 /* MLLine.swift in Sources */ = {isa = PBXBuildFile; fileRef = 5714E6AD251EC9D3000B2973 /* MLLine.swift */; };
		5714E6CA251EC9D3000B2973 /* Chartlet.swift in Sources */ = {isa = PBXBuildFile; fileRef = 5714E6AE251EC9D3000B2973 /* Chartlet.swift */; };
		5714E6CB251EC9D3000B2973 /* MLError.swift in Sources */ = {isa = PBXBuildFile; fileRef = 5714E6B0251EC9D3000B2973 /* MLError.swift */; };
		5714E6CC251EC9D3000B2973 /* RenderTarget.swift in Sources */ = {isa = PBXBuildFile; fileRef = 5714E6B1251EC9D3000B2973 /* RenderTarget.swift */; };
		5714E6CD251EC9D3000B2973 /* MetalView.swift in Sources */ = {isa = PBXBuildFile; fileRef = 5714E6B2251EC9D3000B2973 /* MetalView.swift */; };
		5714E6CE251EC9D3000B2973 /* Shaders.metal in Sources */ = {isa = PBXBuildFile; fileRef = 5714E6B3251EC9D3000B2973 /* Shaders.metal */; };
		5714E6CF251EC9D3000B2973 /* MLTexture.swift in Sources */ = {isa = PBXBuildFile; fileRef = 5714E6B4251EC9D3000B2973 /* MLTexture.swift */; };
		5714E6D0251EC9D3000B2973 /* SnapshotTarget.swift in Sources */ = {isa = PBXBuildFile; fileRef = 5714E6B5251EC9D3000B2973 /* SnapshotTarget.swift */; };
		5714E6D1251EC9D3000B2973 /* MLColor.swift in Sources */ = {isa = PBXBuildFile; fileRef = 5714E6B6251EC9D3000B2973 /* MLColor.swift */; };
/* End PBXBuildFile section */

/* Begin PBXFileReference section */
		5714E67C251EC7B2000B2973 /* Scratch Demo.app */ = {isa = PBXFileReference; explicitFileType = wrapper.application; includeInIndex = 0; path = "Scratch Demo.app"; sourceTree = BUILT_PRODUCTS_DIR; };
		5714E67F251EC7B2000B2973 /* AppDelegate.swift */ = {isa = PBXFileReference; lastKnownFileType = sourcecode.swift; path = AppDelegate.swift; sourceTree = "<group>"; };
		5714E681251EC7B2000B2973 /* SceneDelegate.swift */ = {isa = PBXFileReference; lastKnownFileType = sourcecode.swift; path = SceneDelegate.swift; sourceTree = "<group>"; };
		5714E683251EC7B2000B2973 /* ViewController.swift */ = {isa = PBXFileReference; lastKnownFileType = sourcecode.swift; path = ViewController.swift; sourceTree = "<group>"; };
		5714E686251EC7B2000B2973 /* Base */ = {isa = PBXFileReference; lastKnownFileType = file.storyboard; name = Base; path = Base.lproj/Main.storyboard; sourceTree = "<group>"; };
		5714E688251EC7B3000B2973 /* Assets.xcassets */ = {isa = PBXFileReference; lastKnownFileType = folder.assetcatalog; path = Assets.xcassets; sourceTree = "<group>"; };
		5714E68B251EC7B3000B2973 /* Base */ = {isa = PBXFileReference; lastKnownFileType = file.storyboard; name = Base; path = Base.lproj/LaunchScreen.storyboard; sourceTree = "<group>"; };
		5714E68D251EC7B3000B2973 /* Info.plist */ = {isa = PBXFileReference; lastKnownFileType = text.plist.xml; path = Info.plist; sourceTree = "<group>"; };
		5714E697251EC9D2000B2973 /* Eraser.swift */ = {isa = PBXFileReference; fileEncoding = 4; lastKnownFileType = sourcecode.swift; path = Eraser.swift; sourceTree = "<group>"; };
		5714E698251EC9D2000B2973 /* Printer.swift */ = {isa = PBXFileReference; fileEncoding = 4; lastKnownFileType = sourcecode.swift; path = Printer.swift; sourceTree = "<group>"; };
		5714E699251EC9D2000B2973 /* GlowingBrush.swift */ = {isa = PBXFileReference; fileEncoding = 4; lastKnownFileType = sourcecode.swift; path = GlowingBrush.swift; sourceTree = "<group>"; };
		5714E69A251EC9D2000B2973 /* Brush.swift */ = {isa = PBXFileReference; fileEncoding = 4; lastKnownFileType = sourcecode.swift; path = Brush.swift; sourceTree = "<group>"; };
		5714E69C251EC9D2000B2973 /* Canvas.swift */ = {isa = PBXFileReference; fileEncoding = 4; lastKnownFileType = sourcecode.swift; path = Canvas.swift; sourceTree = "<group>"; };
		5714E69D251EC9D2000B2973 /* ScrollableCanvas.swift */ = {isa = PBXFileReference; fileEncoding = 4; lastKnownFileType = sourcecode.swift; path = ScrollableCanvas.swift; sourceTree = "<group>"; };
		5714E69E251EC9D2000B2973 /* ActionObserver.swift */ = {isa = PBXFileReference; fileEncoding = 4; lastKnownFileType = sourcecode.swift; path = ActionObserver.swift; sourceTree = "<group>"; };
		5714E6A0251EC9D2000B2973 /* PaintingGestureRecognizer.swift */ = {isa = PBXFileReference; fileEncoding = 4; lastKnownFileType = sourcecode.swift; path = PaintingGestureRecognizer.swift; sourceTree = "<group>"; };
		5714E6A1251EC9D2000B2973 /* BezierGenerator.swift */ = {isa = PBXFileReference; fileEncoding = 4; lastKnownFileType = sourcecode.swift; path = BezierGenerator.swift; sourceTree = "<group>"; };
		5714E6A2251EC9D2000B2973 /* WeakObjectBox.swift */ = {isa = PBXFileReference; fileEncoding = 4; lastKnownFileType = sourcecode.swift; path = WeakObjectBox.swift; sourceTree = "<group>"; };
		5714E6A3251EC9D2000B2973 /* Maths.swift */ = {isa = PBXFileReference; fileEncoding = 4; lastKnownFileType = sourcecode.swift; path = Maths.swift; sourceTree = "<group>"; };
		5714E6A4251EC9D2000B2973 /* Utils.swift */ = {isa = PBXFileReference; fileEncoding = 4; lastKnownFileType = sourcecode.swift; path = Utils.swift; sourceTree = "<group>"; };
		5714E6A6251EC9D3000B2973 /* DataObserver.swift */ = {isa = PBXFileReference; fileEncoding = 4; lastKnownFileType = sourcecode.swift; path = DataObserver.swift; sourceTree = "<group>"; };
		5714E6A7251EC9D3000B2973 /* CanvasData.swift */ = {isa = PBXFileReference; fileEncoding = 4; lastKnownFileType = sourcecode.swift; path = CanvasData.swift; sourceTree = "<group>"; };
		5714E6A8251EC9D3000B2973 /* DataImporter.swift */ = {isa = PBXFileReference; fileEncoding = 4; lastKnownFileType = sourcecode.swift; path = DataImporter.swift; sourceTree = "<group>"; };
		5714E6A9251EC9D3000B2973 /* DataExporter.swift */ = {isa = PBXFileReference; fileEncoding = 4; lastKnownFileType = sourcecode.swift; path = DataExporter.swift; sourceTree = "<group>"; };
		5714E6AA251EC9D3000B2973 /* Document.swift */ = {isa = PBXFileReference; fileEncoding = 4; lastKnownFileType = sourcecode.swift; path = Document.swift; sourceTree = "<group>"; };
		5714E6AC251EC9D3000B2973 /* LineStrip.swift */ = {isa = PBXFileReference; fileEncoding = 4; lastKnownFileType = sourcecode.swift; path = LineStrip.swift; sourceTree = "<group>"; };
		5714E6AD251EC9D3000B2973 /* MLLine.swift */ = {isa = PBXFileReference; fileEncoding = 4; lastKnownFileType = sourcecode.swift; path = MLLine.swift; sourceTree = "<group>"; };
		5714E6AE251EC9D3000B2973 /* Chartlet.swift */ = {isa = PBXFileReference; fileEncoding = 4; lastKnownFileType = sourcecode.swift; path = Chartlet.swift; sourceTree = "<group>"; };
		5714E6B0251EC9D3000B2973 /* MLError.swift */ = {isa = PBXFileReference; fileEncoding = 4; lastKnownFileType = sourcecode.swift; path = MLError.swift; sourceTree = "<group>"; };
		5714E6B1251EC9D3000B2973 /* RenderTarget.swift */ = {isa = PBXFileReference; fileEncoding = 4; lastKnownFileType = sourcecode.swift; path = RenderTarget.swift; sourceTree = "<group>"; };
		5714E6B2251EC9D3000B2973 /* MetalView.swift */ = {isa = PBXFileReference; fileEncoding = 4; lastKnownFileType = sourcecode.swift; path = MetalView.swift; sourceTree = "<group>"; };
		5714E6B3251EC9D3000B2973 /* Shaders.metal */ = {isa = PBXFileReference; fileEncoding = 4; lastKnownFileType = sourcecode.metal; path = Shaders.metal; sourceTree = "<group>"; };
		5714E6B4251EC9D3000B2973 /* MLTexture.swift */ = {isa = PBXFileReference; fileEncoding = 4; lastKnownFileType = sourcecode.swift; path = MLTexture.swift; sourceTree = "<group>"; };
		5714E6B5251EC9D3000B2973 /* SnapshotTarget.swift */ = {isa = PBXFileReference; fileEncoding = 4; lastKnownFileType = sourcecode.swift; path = SnapshotTarget.swift; sourceTree = "<group>"; };
		5714E6B6251EC9D3000B2973 /* MLColor.swift */ = {isa = PBXFileReference; fileEncoding = 4; lastKnownFileType = sourcecode.swift; path = MLColor.swift; sourceTree = "<group>"; };
/* End PBXFileReference section */

/* Begin PBXFrameworksBuildPhase section */
		5714E679251EC7B2000B2973 /* Frameworks */ = {
			isa = PBXFrameworksBuildPhase;
			buildActionMask = 2147483647;
			files = (
			);
			runOnlyForDeploymentPostprocessing = 0;
		};
/* End PBXFrameworksBuildPhase section */

/* Begin PBXGroup section */
		5714E673251EC7B2000B2973 = {
			isa = PBXGroup;
			children = (
				5714E67E251EC7B2000B2973 /* Scratch Demo */,
				5714E67D251EC7B2000B2973 /* Products */,
			);
			sourceTree = "<group>";
		};
		5714E67D251EC7B2000B2973 /* Products */ = {
			isa = PBXGroup;
			children = (
				5714E67C251EC7B2000B2973 /* Scratch Demo.app */,
			);
			name = Products;
			sourceTree = "<group>";
		};
		5714E67E251EC7B2000B2973 /* Scratch Demo */ = {
			isa = PBXGroup;
			children = (
				5714E694251EC891000B2973 /* Maliang */,
				5714E67F251EC7B2000B2973 /* AppDelegate.swift */,
				5714E681251EC7B2000B2973 /* SceneDelegate.swift */,
				5714E683251EC7B2000B2973 /* ViewController.swift */,
				5714E685251EC7B2000B2973 /* Main.storyboard */,
				5714E688251EC7B3000B2973 /* Assets.xcassets */,
				5714E68A251EC7B3000B2973 /* LaunchScreen.storyboard */,
				5714E68D251EC7B3000B2973 /* Info.plist */,
			);
			path = "Scratch Demo";
			sourceTree = "<group>";
		};
		5714E694251EC891000B2973 /* Maliang */ = {
			isa = PBXGroup;
			children = (
				5714E696251EC9D2000B2973 /* Brush */,
				5714E69B251EC9D2000B2973 /* Canvas */,
				5714E6A5251EC9D3000B2973 /* Data & Documents */,
				5714E6AB251EC9D3000B2973 /* Elements */,
				5714E69F251EC9D2000B2973 /* Math & Utils */,
				5714E6AF251EC9D3000B2973 /* MetalBase */,
			);
			path = Maliang;
			sourceTree = "<group>";
		};
		5714E696251EC9D2000B2973 /* Brush */ = {
			isa = PBXGroup;
			children = (
				5714E697251EC9D2000B2973 /* Eraser.swift */,
				5714E698251EC9D2000B2973 /* Printer.swift */,
				5714E699251EC9D2000B2973 /* GlowingBrush.swift */,
				5714E69A251EC9D2000B2973 /* Brush.swift */,
			);
			path = Brush;
			sourceTree = "<group>";
		};
		5714E69B251EC9D2000B2973 /* Canvas */ = {
			isa = PBXGroup;
			children = (
				5714E69C251EC9D2000B2973 /* Canvas.swift */,
				5714E69D251EC9D2000B2973 /* ScrollableCanvas.swift */,
				5714E69E251EC9D2000B2973 /* ActionObserver.swift */,
			);
			path = Canvas;
			sourceTree = "<group>";
		};
		5714E69F251EC9D2000B2973 /* Math & Utils */ = {
			isa = PBXGroup;
			children = (
				5714E6A0251EC9D2000B2973 /* PaintingGestureRecognizer.swift */,
				5714E6A1251EC9D2000B2973 /* BezierGenerator.swift */,
				5714E6A2251EC9D2000B2973 /* WeakObjectBox.swift */,
				5714E6A3251EC9D2000B2973 /* Maths.swift */,
				5714E6A4251EC9D2000B2973 /* Utils.swift */,
			);
			path = "Math & Utils";
			sourceTree = "<group>";
		};
		5714E6A5251EC9D3000B2973 /* Data & Documents */ = {
			isa = PBXGroup;
			children = (
				5714E6A6251EC9D3000B2973 /* DataObserver.swift */,
				5714E6A7251EC9D3000B2973 /* CanvasData.swift */,
				5714E6A8251EC9D3000B2973 /* DataImporter.swift */,
				5714E6A9251EC9D3000B2973 /* DataExporter.swift */,
				5714E6AA251EC9D3000B2973 /* Document.swift */,
			);
			path = "Data & Documents";
			sourceTree = "<group>";
		};
		5714E6AB251EC9D3000B2973 /* Elements */ = {
			isa = PBXGroup;
			children = (
				5714E6AC251EC9D3000B2973 /* LineStrip.swift */,
				5714E6AD251EC9D3000B2973 /* MLLine.swift */,
				5714E6AE251EC9D3000B2973 /* Chartlet.swift */,
			);
			path = Elements;
			sourceTree = "<group>";
		};
		5714E6AF251EC9D3000B2973 /* MetalBase */ = {
			isa = PBXGroup;
			children = (
				5714E6B0251EC9D3000B2973 /* MLError.swift */,
				5714E6B1251EC9D3000B2973 /* RenderTarget.swift */,
				5714E6B2251EC9D3000B2973 /* MetalView.swift */,
				5714E6B3251EC9D3000B2973 /* Shaders.metal */,
				5714E6B4251EC9D3000B2973 /* MLTexture.swift */,
				5714E6B5251EC9D3000B2973 /* SnapshotTarget.swift */,
				5714E6B6251EC9D3000B2973 /* MLColor.swift */,
			);
			path = MetalBase;
			sourceTree = "<group>";
		};
/* End PBXGroup section */

/* Begin PBXNativeTarget section */
		5714E67B251EC7B2000B2973 /* Scratch Demo */ = {
			isa = PBXNativeTarget;
			buildConfigurationList = 5714E690251EC7B3000B2973 /* Build configuration list for PBXNativeTarget "Scratch Demo" */;
			buildPhases = (
				5714E678251EC7B2000B2973 /* Sources */,
				5714E679251EC7B2000B2973 /* Frameworks */,
				5714E67A251EC7B2000B2973 /* Resources */,
			);
			buildRules = (
			);
			dependencies = (
			);
			name = "Scratch Demo";
			productName = "Scratch Demo";
			productReference = 5714E67C251EC7B2000B2973 /* Scratch Demo.app */;
			productType = "com.apple.product-type.application";
		};
/* End PBXNativeTarget section */

/* Begin PBXProject section */
		5714E674251EC7B2000B2973 /* Project object */ = {
			isa = PBXProject;
			attributes = {
				LastSwiftUpdateCheck = 1200;
				LastUpgradeCheck = 1200;
				TargetAttributes = {
					5714E67B251EC7B2000B2973 = {
						CreatedOnToolsVersion = 12.0.1;
					};
				};
			};
			buildConfigurationList = 5714E677251EC7B2000B2973 /* Build configuration list for PBXProject "Scratch Demo" */;
			compatibilityVersion = "Xcode 9.3";
			developmentRegion = en;
			hasScannedForEncodings = 0;
			knownRegions = (
				en,
				Base,
			);
			mainGroup = 5714E673251EC7B2000B2973;
			productRefGroup = 5714E67D251EC7B2000B2973 /* Products */;
			projectDirPath = "";
			projectRoot = "";
			targets = (
				5714E67B251EC7B2000B2973 /* Scratch Demo */,
			);
		};
/* End PBXProject section */

/* Begin PBXResourcesBuildPhase section */
		5714E67A251EC7B2000B2973 /* Resources */ = {
			isa = PBXResourcesBuildPhase;
			buildActionMask = 2147483647;
			files = (
				5714E68C251EC7B3000B2973 /* LaunchScreen.storyboard in Resources */,
				5714E689251EC7B3000B2973 /* Assets.xcassets in Resources */,
				5714E687251EC7B2000B2973 /* Main.storyboard in Resources */,
			);
			runOnlyForDeploymentPostprocessing = 0;
		};
/* End PBXResourcesBuildPhase section */

/* Begin PBXSourcesBuildPhase section */
		5714E678251EC7B2000B2973 /* Sources */ = {
			isa = PBXSourcesBuildPhase;
			buildActionMask = 2147483647;
			files = (
				5714E6C4251EC9D3000B2973 /* CanvasData.swift in Sources */,
				5714E6CA251EC9D3000B2973 /* Chartlet.swift in Sources */,
				5714E6B9251EC9D3000B2973 /* GlowingBrush.swift in Sources */,
				5714E6CB251EC9D3000B2973 /* MLError.swift in Sources */,
				5714E6CD251EC9D3000B2973 /* MetalView.swift in Sources */,
				5714E6BD251EC9D3000B2973 /* ActionObserver.swift in Sources */,
				5714E684251EC7B2000B2973 /* ViewController.swift in Sources */,
				5714E6C7251EC9D3000B2973 /* Document.swift in Sources */,
				5714E6D1251EC9D3000B2973 /* MLColor.swift in Sources */,
				5714E6BA251EC9D3000B2973 /* Brush.swift in Sources */,
				5714E6D0251EC9D3000B2973 /* SnapshotTarget.swift in Sources */,
				5714E6BF251EC9D3000B2973 /* BezierGenerator.swift in Sources */,
				5714E6C2251EC9D3000B2973 /* Utils.swift in Sources */,
				5714E6C6251EC9D3000B2973 /* DataExporter.swift in Sources */,
				5714E6BB251EC9D3000B2973 /* Canvas.swift in Sources */,
				5714E6B8251EC9D3000B2973 /* Printer.swift in Sources */,
				5714E6B7251EC9D3000B2973 /* Eraser.swift in Sources */,
				5714E6CE251EC9D3000B2973 /* Shaders.metal in Sources */,
				5714E6C9251EC9D3000B2973 /* MLLine.swift in Sources */,
				5714E6BE251EC9D3000B2973 /* PaintingGestureRecognizer.swift in Sources */,
				5714E6BC251EC9D3000B2973 /* ScrollableCanvas.swift in Sources */,
				5714E680251EC7B2000B2973 /* AppDelegate.swift in Sources */,
				5714E6C1251EC9D3000B2973 /* Maths.swift in Sources */,
				5714E682251EC7B2000B2973 /* SceneDelegate.swift in Sources */,
				5714E6C5251EC9D3000B2973 /* DataImporter.swift in Sources */,
				5714E6CC251EC9D3000B2973 /* RenderTarget.swift in Sources */,
				5714E6CF251EC9D3000B2973 /* MLTexture.swift in Sources */,
				5714E6C0251EC9D3000B2973 /* WeakObjectBox.swift in Sources */,
				5714E6C8251EC9D3000B2973 /* LineStrip.swift in Sources */,
				5714E6C3251EC9D3000B2973 /* DataObserver.swift in Sources */,
			);
			runOnlyForDeploymentPostprocessing = 0;
		};
/* End PBXSourcesBuildPhase section */

/* Begin PBXVariantGroup section */
		5714E685251EC7B2000B2973 /* Main.storyboard */ = {
			isa = PBXVariantGroup;
			children = (
				5714E686251EC7B2000B2973 /* Base */,
			);
			name = Main.storyboard;
			sourceTree = "<group>";
		};
		5714E68A251EC7B3000B2973 /* LaunchScreen.storyboard */ = {
			isa = PBXVariantGroup;
			children = (
				5714E68B251EC7B3000B2973 /* Base */,
			);
			name = LaunchScreen.storyboard;
			sourceTree = "<group>";
		};
/* End PBXVariantGroup section */

/* Begin XCBuildConfiguration section */
		5714E68E251EC7B3000B2973 /* Debug */ = {
			isa = XCBuildConfiguration;
			buildSettings = {
				ALWAYS_SEARCH_USER_PATHS = NO;
				CLANG_ANALYZER_NONNULL = YES;
				CLANG_ANALYZER_NUMBER_OBJECT_CONVERSION = YES_AGGRESSIVE;
				CLANG_CXX_LANGUAGE_STANDARD = "gnu++14";
				CLANG_CXX_LIBRARY = "libc++";
				CLANG_ENABLE_MODULES = YES;
				CLANG_ENABLE_OBJC_ARC = YES;
				CLANG_ENABLE_OBJC_WEAK = YES;
				CLANG_WARN_BLOCK_CAPTURE_AUTORELEASING = YES;
				CLANG_WARN_BOOL_CONVERSION = YES;
				CLANG_WARN_COMMA = YES;
				CLANG_WARN_CONSTANT_CONVERSION = YES;
				CLANG_WARN_DEPRECATED_OBJC_IMPLEMENTATIONS = YES;
				CLANG_WARN_DIRECT_OBJC_ISA_USAGE = YES_ERROR;
				CLANG_WARN_DOCUMENTATION_COMMENTS = YES;
				CLANG_WARN_EMPTY_BODY = YES;
				CLANG_WARN_ENUM_CONVERSION = YES;
				CLANG_WARN_INFINITE_RECURSION = YES;
				CLANG_WARN_INT_CONVERSION = YES;
				CLANG_WARN_NON_LITERAL_NULL_CONVERSION = YES;
				CLANG_WARN_OBJC_IMPLICIT_RETAIN_SELF = YES;
				CLANG_WARN_OBJC_LITERAL_CONVERSION = YES;
				CLANG_WARN_OBJC_ROOT_CLASS = YES_ERROR;
				CLANG_WARN_QUOTED_INCLUDE_IN_FRAMEWORK_HEADER = YES;
				CLANG_WARN_RANGE_LOOP_ANALYSIS = YES;
				CLANG_WARN_STRICT_PROTOTYPES = YES;
				CLANG_WARN_SUSPICIOUS_MOVE = YES;
				CLANG_WARN_UNGUARDED_AVAILABILITY = YES_AGGRESSIVE;
				CLANG_WARN_UNREACHABLE_CODE = YES;
				CLANG_WARN__DUPLICATE_METHOD_MATCH = YES;
				COPY_PHASE_STRIP = NO;
				DEBUG_INFORMATION_FORMAT = dwarf;
				ENABLE_STRICT_OBJC_MSGSEND = YES;
				ENABLE_TESTABILITY = YES;
				GCC_C_LANGUAGE_STANDARD = gnu11;
				GCC_DYNAMIC_NO_PIC = NO;
				GCC_NO_COMMON_BLOCKS = YES;
				GCC_OPTIMIZATION_LEVEL = 0;
				GCC_PREPROCESSOR_DEFINITIONS = (
					"DEBUG=1",
					"$(inherited)",
				);
				GCC_WARN_64_TO_32_BIT_CONVERSION = YES;
				GCC_WARN_ABOUT_RETURN_TYPE = YES_ERROR;
				GCC_WARN_UNDECLARED_SELECTOR = YES;
				GCC_WARN_UNINITIALIZED_AUTOS = YES_AGGRESSIVE;
				GCC_WARN_UNUSED_FUNCTION = YES;
				GCC_WARN_UNUSED_VARIABLE = YES;
				IPHONEOS_DEPLOYMENT_TARGET = 14.0;
				MTL_ENABLE_DEBUG_INFO = INCLUDE_SOURCE;
				MTL_FAST_MATH = YES;
				ONLY_ACTIVE_ARCH = YES;
				SDKROOT = iphoneos;
				SWIFT_ACTIVE_COMPILATION_CONDITIONS = DEBUG;
				SWIFT_OPTIMIZATION_LEVEL = "-Onone";
			};
			name = Debug;
		};
		5714E68F251EC7B3000B2973 /* Release */ = {
			isa = XCBuildConfiguration;
			buildSettings = {
				ALWAYS_SEARCH_USER_PATHS = NO;
				CLANG_ANALYZER_NONNULL = YES;
				CLANG_ANALYZER_NUMBER_OBJECT_CONVERSION = YES_AGGRESSIVE;
				CLANG_CXX_LANGUAGE_STANDARD = "gnu++14";
				CLANG_CXX_LIBRARY = "libc++";
				CLANG_ENABLE_MODULES = YES;
				CLANG_ENABLE_OBJC_ARC = YES;
				CLANG_ENABLE_OBJC_WEAK = YES;
				CLANG_WARN_BLOCK_CAPTURE_AUTORELEASING = YES;
				CLANG_WARN_BOOL_CONVERSION = YES;
				CLANG_WARN_COMMA = YES;
				CLANG_WARN_CONSTANT_CONVERSION = YES;
				CLANG_WARN_DEPRECATED_OBJC_IMPLEMENTATIONS = YES;
				CLANG_WARN_DIRECT_OBJC_ISA_USAGE = YES_ERROR;
				CLANG_WARN_DOCUMENTATION_COMMENTS = YES;
				CLANG_WARN_EMPTY_BODY = YES;
				CLANG_WARN_ENUM_CONVERSION = YES;
				CLANG_WARN_INFINITE_RECURSION = YES;
				CLANG_WARN_INT_CONVERSION = YES;
				CLANG_WARN_NON_LITERAL_NULL_CONVERSION = YES;
				CLANG_WARN_OBJC_IMPLICIT_RETAIN_SELF = YES;
				CLANG_WARN_OBJC_LITERAL_CONVERSION = YES;
				CLANG_WARN_OBJC_ROOT_CLASS = YES_ERROR;
				CLANG_WARN_QUOTED_INCLUDE_IN_FRAMEWORK_HEADER = YES;
				CLANG_WARN_RANGE_LOOP_ANALYSIS = YES;
				CLANG_WARN_STRICT_PROTOTYPES = YES;
				CLANG_WARN_SUSPICIOUS_MOVE = YES;
				CLANG_WARN_UNGUARDED_AVAILABILITY = YES_AGGRESSIVE;
				CLANG_WARN_UNREACHABLE_CODE = YES;
				CLANG_WARN__DUPLICATE_METHOD_MATCH = YES;
				COPY_PHASE_STRIP = NO;
				DEBUG_INFORMATION_FORMAT = "dwarf-with-dsym";
				ENABLE_NS_ASSERTIONS = NO;
				ENABLE_STRICT_OBJC_MSGSEND = YES;
				GCC_C_LANGUAGE_STANDARD = gnu11;
				GCC_NO_COMMON_BLOCKS = YES;
				GCC_WARN_64_TO_32_BIT_CONVERSION = YES;
				GCC_WARN_ABOUT_RETURN_TYPE = YES_ERROR;
				GCC_WARN_UNDECLARED_SELECTOR = YES;
				GCC_WARN_UNINITIALIZED_AUTOS = YES_AGGRESSIVE;
				GCC_WARN_UNUSED_FUNCTION = YES;
				GCC_WARN_UNUSED_VARIABLE = YES;
				IPHONEOS_DEPLOYMENT_TARGET = 14.0;
				MTL_ENABLE_DEBUG_INFO = NO;
				MTL_FAST_MATH = YES;
				SDKROOT = iphoneos;
				SWIFT_COMPILATION_MODE = wholemodule;
				SWIFT_OPTIMIZATION_LEVEL = "-O";
				VALIDATE_PRODUCT = YES;
			};
			name = Release;
		};
		5714E691251EC7B3000B2973 /* Debug */ = {
			isa = XCBuildConfiguration;
			buildSettings = {
				ASSETCATALOG_COMPILER_APPICON_NAME = AppIcon;
				ASSETCATALOG_COMPILER_GLOBAL_ACCENT_COLOR_NAME = AccentColor;
				CODE_SIGN_STYLE = Automatic;
				DEVELOPMENT_TEAM = 8V2J5FA7U2;
				INFOPLIST_FILE = "Scratch Demo/Info.plist";
				LD_RUNPATH_SEARCH_PATHS = (
					"$(inherited)",
					"@executable_path/Frameworks",
				);
				PRODUCT_BUNDLE_IDENTIFIER = "com.wiosoftcrafts.Scratch-Demo";
				PRODUCT_NAME = "$(TARGET_NAME)";
				SWIFT_VERSION = 5.0;
				TARGETED_DEVICE_FAMILY = "1,2";
			};
			name = Debug;
		};
		5714E692251EC7B3000B2973 /* Release */ = {
			isa = XCBuildConfiguration;
			buildSettings = {
				ASSETCATALOG_COMPILER_APPICON_NAME = AppIcon;
				ASSETCATALOG_COMPILER_GLOBAL_ACCENT_COLOR_NAME = AccentColor;
				CODE_SIGN_STYLE = Automatic;
				DEVELOPMENT_TEAM = 8V2J5FA7U2;
				INFOPLIST_FILE = "Scratch Demo/Info.plist";
				LD_RUNPATH_SEARCH_PATHS = (
					"$(inherited)",
					"@executable_path/Frameworks",
				);
				PRODUCT_BUNDLE_IDENTIFIER = "com.wiosoftcrafts.Scratch-Demo";
				PRODUCT_NAME = "$(TARGET_NAME)";
				SWIFT_VERSION = 5.0;
				TARGETED_DEVICE_FAMILY = "1,2";
			};
			name = Release;
		};
/* End XCBuildConfiguration section */

/* Begin XCConfigurationList section */
		5714E677251EC7B2000B2973 /* Build configuration list for PBXProject "Scratch Demo" */ = {
			isa = XCConfigurationList;
			buildConfigurations = (
				5714E68E251EC7B3000B2973 /* Debug */,
				5714E68F251EC7B3000B2973 /* Release */,
			);
			defaultConfigurationIsVisible = 0;
			defaultConfigurationName = Release;
		};
		5714E690251EC7B3000B2973 /* Build configuration list for PBXNativeTarget "Scratch Demo" */ = {
			isa = XCConfigurationList;
			buildConfigurations = (
				5714E691251EC7B3000B2973 /* Debug */,
				5714E692251EC7B3000B2973 /* Release */,
			);
			defaultConfigurationIsVisible = 0;
			defaultConfigurationName = Release;
		};
/* End XCConfigurationList section */
	};
	rootObject = 5714E674251EC7B2000B2973 /* Project object */;
}
